
Microsoft Visual Studio Solution File, Format Version 12.00
# Visual Studio 15
VisualStudioVersion = 15.0.27130.2036
MinimumVisualStudioVersion = 10.0.40219.1
Project("{9A19103F-16F7-4668-BE54-9A1E7A4F7556}") = "TestMakerFreeWebApp", "TestMakerFreeWebApp\TestMakerFreeWebApp.csproj", "{5634AF79-C216-487B-A69E-C2FFA06007F6}"
EndProject
Global
	GlobalSection(SolutionConfigurationPlatforms) = preSolution
		Debug|Any CPU = Debug|Any CPU
		Release|Any CPU = Release|Any CPU
	EndGlobalSection
	GlobalSection(ProjectConfigurationPlatforms) = postSolution
		{5634AF79-C216-487B-A69E-C2FFA06007F6}.Debug|Any CPU.ActiveCfg = Debug|Any CPU
		{5634AF79-C216-487B-A69E-C2FFA06007F6}.Debug|Any CPU.Build.0 = Debug|Any CPU
		{5634AF79-C216-487B-A69E-C2FFA06007F6}.Release|Any CPU.ActiveCfg = Release|Any CPU
		{5634AF79-C216-487B-A69E-C2FFA06007F6}.Release|Any CPU.Build.0 = Release|Any CPU
	EndGlobalSection
	GlobalSection(SolutionProperties) = preSolution
		HideSolutionNode = FALSE
	EndGlobalSection
	GlobalSection(ExtensibilityGlobals) = postSolution
		LessCompiler = 5634af79-c216-487b-a69e-c2ffa06007f6
		SolutionGuid = {AEBDBFA2-9EDB-400A-A320-D5B438999567}
	EndGlobalSection
EndGlobal
